<?xml version="1.0" encoding="utf-8"?>
<Project ToolsVersion="4.0" xmlns="http://schemas.microsoft.com/developer/msbuild/2003">
  <ItemGroup>
    <Filter Include="Levels">
      <UniqueIdentifier>{8832a995-5d56-4aa0-a648-2c0abf961bbb}</UniqueIdentifier>
    </Filter>
    <Filter Include="Contents">
      <UniqueIdentifier>{8d43ddc5-bc1e-40a6-b20e-f94ad46685a0}</UniqueIdentifier>
    </Filter>
    <Filter Include="Levels\InGame">
      <UniqueIdentifier>{33d6048a-0f55-4f7e-8ce4-31a45c8aa15e}</UniqueIdentifier>
    </Filter>
    <Filter Include="Levels\Login">
      <UniqueIdentifier>{4b58d91b-106b-4dd3-a4e5-6236acf19c68}</UniqueIdentifier>
    </Filter>
    <Filter Include="Levels\InGame\MapleIsland">
      <UniqueIdentifier>{3db0a120-0fb4-4e25-9da7-303b9f45936d}</UniqueIdentifier>
    </Filter>
    <Filter Include="Levels\InGame\VictoriaIsland">
      <UniqueIdentifier>{797a1f22-9c93-403e-aa4f-f108c2bfee60}</UniqueIdentifier>
    </Filter>
    <Filter Include="Levels\InGame\TempleOfTime">
      <UniqueIdentifier>{b1a0ac72-83ce-4bd1-8c4d-331c07592bcd}</UniqueIdentifier>
    </Filter>
    <Filter Include="Global">
      <UniqueIdentifier>{6200556d-9372-4c69-abbe-7ba02bec64d7}</UniqueIdentifier>
    </Filter>
    <Filter Include="Actors">
      <UniqueIdentifier>{43d3aa65-ad5d-4167-899e-24a4bb728eaf}</UniqueIdentifier>
    </Filter>
    <Filter Include="Actors\Login">
      <UniqueIdentifier>{4247240b-badb-4911-bed4-4378cb727908}</UniqueIdentifier>
    </Filter>
    <Filter Include="Actors\Login\Intro">
      <UniqueIdentifier>{0d6d9243-1e80-4d85-9f1c-999675c6ec5e}</UniqueIdentifier>
    </Filter>
    <Filter Include="Actors\InGame">
      <UniqueIdentifier>{dfd84633-e59e-45bb-a8de-7826eb55c163}</UniqueIdentifier>
    </Filter>
    <Filter Include="Actors\InGame\HillOfTheMapleTree">
      <UniqueIdentifier>{c42c97b1-cbc5-4417-af71-d68e5e2ba5da}</UniqueIdentifier>
    </Filter>
    <Filter Include="Actors\Global">
      <UniqueIdentifier>{6810a216-a35a-442b-9edf-f8fc1027ea28}</UniqueIdentifier>
    </Filter>
  </ItemGroup>
  <ItemGroup>
    <ClInclude Include="ContentsCore.h">
      <Filter>Contents</Filter>
    </ClInclude>
    <ClInclude Include="IntroLevel.h">
      <Filter>Levels\Login</Filter>
    </ClInclude>
    <ClInclude Include="LoginLevel.h">
      <Filter>Levels\Login</Filter>
    </ClInclude>
    <ClInclude Include="CharactersLevel.h">
      <Filter>Levels\Login</Filter>
    </ClInclude>
    <ClInclude Include="SnailsLandLevel.h">
      <Filter>Levels\InGame\MapleIsland</Filter>
    </ClInclude>
    <ClInclude Include="HillOfTheMapleTreeLevel.h">
      <Filter>Levels\InGame\MapleIsland</Filter>
    </ClInclude>
    <ClInclude Include="Enums.h">
      <Filter>Global</Filter>
    </ClInclude>
    <ClInclude Include="Player.h">
      <Filter>Actors\Global</Filter>
    </ClInclude>
    <ClInclude Include="TitleLogo.h">
      <Filter>Actors\Login\Intro</Filter>
    </ClInclude>
  </ItemGroup>
  <ItemGroup>
    <ClCompile Include="ContentsCore.cpp">
      <Filter>Contents</Filter>
    </ClCompile>
    <ClCompile Include="IntroLevel.cpp">
      <Filter>Levels\Login</Filter>
    </ClCompile>
    <ClCompile Include="LoginLevel.cpp">
      <Filter>Levels\Login</Filter>
    </ClCompile>
    <ClCompile Include="CharactersLevel.cpp">
      <Filter>Levels\Login</Filter>
    </ClCompile>
    <ClCompile Include="SnailsLandLevel.cpp">
      <Filter>Levels\InGame\MapleIsland</Filter>
    </ClCompile>
    <ClCompile Include="HillOfTheMapleTreeLevel.cpp">
      <Filter>Levels\InGame\MapleIsland</Filter>
    </ClCompile>
    <ClCompile Include="Player.cpp">
      <Filter>Actors\Global</Filter>
    </ClCompile>
    <ClCompile Include="TitleLogo.cpp">
      <Filter>Actors\Login\Intro</Filter>
    </ClCompile>
  </ItemGroup>
</Project>