<?xml version="1.0" encoding="utf-8"?>
<Project ToolsVersion="4.0" xmlns="http://schemas.microsoft.com/developer/msbuild/2003">
  <ItemGroup>
    <Filter Include="PreCompile">
      <UniqueIdentifier>{439c0504-814e-4f90-8507-3f4dacd0226c}</UniqueIdentifier>
    </Filter>
    <Filter Include="00_Core">
      <UniqueIdentifier>{eee3c248-3814-48af-b1f4-f221fa7a0ee6}</UniqueIdentifier>
    </Filter>
    <Filter Include="01_Levels">
      <UniqueIdentifier>{37a5ec31-28b0-4859-83f4-7bda61bcf437}</UniqueIdentifier>
    </Filter>
    <Filter Include="02_Actors">
      <UniqueIdentifier>{dbd04e80-c744-42ff-934a-b4048e602a54}</UniqueIdentifier>
    </Filter>
    <Filter Include="02_Actors\Login">
      <UniqueIdentifier>{4735c6bb-d63d-421c-ac3a-a677c860839a}</UniqueIdentifier>
    </Filter>
    <Filter Include="02_Actors\Temple0">
      <UniqueIdentifier>{121351f9-4525-448a-a8a3-a8cd79ba6b9c}</UniqueIdentifier>
    </Filter>
    <Filter Include="02_Actors\Temple1">
      <UniqueIdentifier>{8a348524-3baa-42d3-b6d0-8ebd312f48cb}</UniqueIdentifier>
    </Filter>
    <Filter Include="02_Actors\Temple2">
      <UniqueIdentifier>{5b2ed348-a071-48f3-b6c0-b07f82c4a13e}</UniqueIdentifier>
    </Filter>
    <Filter Include="02_Actors\Temple3">
      <UniqueIdentifier>{1b2902f8-ed44-4c74-aa83-ccf8d9a64bc5}</UniqueIdentifier>
    </Filter>
    <Filter Include="03_Component">
      <UniqueIdentifier>{ffb3a982-5f22-4629-80f4-5dd10497f708}</UniqueIdentifier>
    </Filter>
    <Filter Include="02_Actors\02_1Global">
      <UniqueIdentifier>{2e6a9305-96b8-43bd-9676-cfe81413b586}</UniqueIdentifier>
    </Filter>
    <Filter Include="02_Actors\02_1Global\MasterUI">
      <UniqueIdentifier>{60d8e956-c308-44af-b6ab-b6dce798a2e6}</UniqueIdentifier>
    </Filter>
    <Filter Include="02_Actors\02_1Global\MasterUI\StateBar">
      <UniqueIdentifier>{32cbabd9-9ddc-4729-be74-0fae629d2a19}</UniqueIdentifier>
    </Filter>
    <Filter Include="02_Actors\02_2Renderer">
      <UniqueIdentifier>{29221723-ac06-4d74-a35f-820cc6ea3e6f}</UniqueIdentifier>
    </Filter>
    <Filter Include="02_Actors\02_1Global\MasterUI\Inventory">
      <UniqueIdentifier>{0b67515a-028a-4d34-8012-11b249d7922d}</UniqueIdentifier>
    </Filter>
    <Filter Include="02_Actors\02_1Global\Item">
      <UniqueIdentifier>{706b18a1-58c7-406b-a2bd-f39ce42d7a54}</UniqueIdentifier>
    </Filter>
  </ItemGroup>
  <ItemGroup>
    <ClInclude Include="ContentsCore.h">
      <Filter>00_Core</Filter>
    </ClInclude>
    <ClInclude Include="GlobalContentsValue.h" />
    <ClInclude Include="PreCompile.h">
      <Filter>PreCompile</Filter>
    </ClInclude>
    <ClInclude Include="LoginLevel.h">
      <Filter>01_Levels</Filter>
    </ClInclude>
    <ClInclude Include="TempleOfTime0.h">
      <Filter>01_Levels</Filter>
    </ClInclude>
    <ClInclude Include="TempleOfTime1.h">
      <Filter>01_Levels</Filter>
    </ClInclude>
    <ClInclude Include="TempleOfTime2.h">
      <Filter>01_Levels</Filter>
    </ClInclude>
    <ClInclude Include="TempleOfTime3.h">
      <Filter>01_Levels</Filter>
    </ClInclude>
    <ClInclude Include="Player.h">
      <Filter>02_Actors\02_1Global</Filter>
    </ClInclude>
    <ClInclude Include="Enums.h">
      <Filter>02_Actors\02_1Global</Filter>
    </ClInclude>
    <ClInclude Include="LoginBackground.h">
      <Filter>02_Actors\Login</Filter>
    </ClInclude>
    <ClInclude Include="LoginButton.h">
      <Filter>02_Actors\Login</Filter>
    </ClInclude>
    <ClInclude Include="ExitButton.h">
      <Filter>02_Actors\Login</Filter>
    </ClInclude>
    <ClInclude Include="Temple0BackGround.h">
      <Filter>02_Actors\Temple0</Filter>
    </ClInclude>
    <ClInclude Include="Temple0Cloud.h">
      <Filter>02_Actors\Temple0</Filter>
    </ClInclude>
    <ClInclude Include="Temple0Tile.h">
      <Filter>02_Actors\Temple0</Filter>
    </ClInclude>
    <ClInclude Include="Temple1BackGround.h">
      <Filter>02_Actors\Temple1</Filter>
    </ClInclude>
    <ClInclude Include="Temple1Cloud.h">
      <Filter>02_Actors\Temple1</Filter>
    </ClInclude>
    <ClInclude Include="Temple1Tile.h">
      <Filter>02_Actors\Temple1</Filter>
    </ClInclude>
    <ClInclude Include="Guardian.h">
      <Filter>02_Actors\Temple1</Filter>
    </ClInclude>
    <ClInclude Include="Merchandiser.h">
      <Filter>02_Actors\Temple1</Filter>
    </ClInclude>
    <ClInclude Include="Temple2BackGround.h">
      <Filter>02_Actors\Temple2</Filter>
    </ClInclude>
    <ClInclude Include="Temple3BackGround.h">
      <Filter>02_Actors\Temple3</Filter>
    </ClInclude>
    <ClInclude Include="Temple2Cloud.h">
      <Filter>02_Actors\Temple2</Filter>
    </ClInclude>
    <ClInclude Include="Temple3Cloud.h">
      <Filter>02_Actors\Temple3</Filter>
    </ClInclude>
    <ClInclude Include="Temple3Tile.h">
      <Filter>02_Actors\Temple3</Filter>
    </ClInclude>
    <ClInclude Include="Temple2Tile.h">
      <Filter>02_Actors\Temple2</Filter>
    </ClInclude>
    <ClInclude Include="Temple3Boss.h">
      <Filter>02_Actors\Temple3</Filter>
    </ClInclude>
    <ClInclude Include="Portal.h">
      <Filter>02_Actors\02_1Global</Filter>
    </ClInclude>
    <ClInclude Include="ContentsLevel.h">
      <Filter>01_Levels</Filter>
    </ClInclude>
    <ClInclude Include="Button.h">
      <Filter>02_Actors\02_1Global\MasterUI</Filter>
    </ClInclude>
    <ClInclude Include="Temple0MonsterSpawn.h">
      <Filter>02_Actors\Temple0</Filter>
    </ClInclude>
    <ClInclude Include="Temple2Monster.h">
      <Filter>02_Actors\Temple2</Filter>
    </ClInclude>
    <ClInclude Include="Temple3Monster.h">
      <Filter>02_Actors\Temple3</Filter>
    </ClInclude>
    <ClInclude Include="ContentsActor.h">
      <Filter>02_Actors</Filter>
    </ClInclude>
    <ClInclude Include="Veil.h">
      <Filter>02_Actors\02_1Global\MasterUI</Filter>
    </ClInclude>
    <ClInclude Include="Temple0PixelCollisionMap.h">
      <Filter>02_Actors\Temple0</Filter>
    </ClInclude>
    <ClInclude Include="Temple1PixelCollisionMap.h">
      <Filter>02_Actors\Temple1</Filter>
    </ClInclude>
    <ClInclude Include="Temple2PixelCollisionMap.h">
      <Filter>02_Actors\Temple2</Filter>
    </ClInclude>
    <ClInclude Include="Temple3PixelCollisionMap.h">
      <Filter>02_Actors\Temple3</Filter>
    </ClInclude>
    <ClInclude Include="PixelCollisionMap.h">
      <Filter>02_Actors\02_1Global</Filter>
    </ClInclude>
    <ClInclude Include="RigidBody.h">
      <Filter>03_Component</Filter>
    </ClInclude>
    <ClInclude Include="ExitButtonOnMenu.h">
      <Filter>02_Actors\02_1Global\MasterUI\StateBar</Filter>
    </ClInclude>
    <ClInclude Include="MenuButton.h">
      <Filter>02_Actors\02_1Global\MasterUI\StateBar</Filter>
    </ClInclude>
    <ClInclude Include="PopupMenu.h">
      <Filter>02_Actors\02_1Global\MasterUI\StateBar</Filter>
    </ClInclude>
    <ClInclude Include="StateBar.h">
      <Filter>02_Actors\02_1Global\MasterUI\StateBar</Filter>
    </ClInclude>
    <ClInclude Include="HPGauge.h">
      <Filter>02_Actors\02_1Global\MasterUI\StateBar</Filter>
    </ClInclude>
    <ClInclude Include="MPGauge.h">
      <Filter>02_Actors\02_1Global\MasterUI\StateBar</Filter>
    </ClInclude>
    <ClInclude Include="EXPGauge.h">
      <Filter>02_Actors\02_1Global\MasterUI\StateBar</Filter>
    </ClInclude>
    <ClInclude Include="VeilRenderer.h">
      <Filter>02_Actors\02_2Renderer</Filter>
    </ClInclude>
    <ClInclude Include="Monster.h">
      <Filter>02_Actors\02_1Global</Filter>
    </ClInclude>
    <ClInclude Include="ContentsGUIWindow.h">
      <Filter>00_Core</Filter>
    </ClInclude>
    <ClInclude Include="MonsterHPGauge.h">
      <Filter>02_Actors\02_1Global</Filter>
    </ClInclude>
    <ClInclude Include="Effect.h">
      <Filter>02_Actors\02_1Global</Filter>
    </ClInclude>
    <ClInclude Include="QuickSlot.h">
      <Filter>02_Actors\02_1Global\MasterUI\StateBar</Filter>
    </ClInclude>
    <ClInclude Include="Inventory.h">
      <Filter>02_Actors\02_1Global\MasterUI\Inventory</Filter>
    </ClInclude>
    <ClInclude Include="ETCMenuButton.h">
      <Filter>02_Actors\02_1Global\MasterUI\Inventory</Filter>
    </ClInclude>
    <ClInclude Include="Item.h">
      <Filter>02_Actors\02_1Global\Item</Filter>
    </ClInclude>
    <ClInclude Include="Meso.h">
      <Filter>02_Actors\02_1Global\Item</Filter>
    </ClInclude>
    <ClInclude Include="ShortKeyGUIWindow.h">
      <Filter>00_Core</Filter>
    </ClInclude>
    <ClInclude Include="Portion.h">
      <Filter>02_Actors\02_1Global\Item</Filter>
    </ClInclude>
    <ClInclude Include="Physics.h">
      <Filter>03_Component</Filter>
    </ClInclude>
    <ClInclude Include="MouseSlot.h">
      <Filter>02_Actors\02_1Global</Filter>
    </ClInclude>
    <ClInclude Include="NPC.h">
      <Filter>02_Actors\Temple1</Filter>
    </ClInclude>
  </ItemGroup>
  <ItemGroup>
    <ClCompile Include="ContentsCore.cpp">
      <Filter>00_Core</Filter>
    </ClCompile>
    <ClCompile Include="GlobalContentsValue.cpp" />
    <ClCompile Include="PreCompile.cpp">
      <Filter>PreCompile</Filter>
    </ClCompile>
    <ClCompile Include="LoginLevel.cpp">
      <Filter>01_Levels</Filter>
    </ClCompile>
    <ClCompile Include="TempleOfTime0.cpp">
      <Filter>01_Levels</Filter>
    </ClCompile>
    <ClCompile Include="TempleOfTime1.cpp">
      <Filter>01_Levels</Filter>
    </ClCompile>
    <ClCompile Include="TempleOfTime2.cpp">
      <Filter>01_Levels</Filter>
    </ClCompile>
    <ClCompile Include="TempleOfTime3.cpp">
      <Filter>01_Levels</Filter>
    </ClCompile>
    <ClCompile Include="Player.cpp">
      <Filter>02_Actors\02_1Global</Filter>
    </ClCompile>
    <ClCompile Include="LoginBackground.cpp">
      <Filter>02_Actors\Login</Filter>
    </ClCompile>
    <ClCompile Include="LoginButton.cpp">
      <Filter>02_Actors\Login</Filter>
    </ClCompile>
    <ClCompile Include="ExitButton.cpp">
      <Filter>02_Actors\Login</Filter>
    </ClCompile>
    <ClCompile Include="Temple0BackGround.cpp">
      <Filter>02_Actors\Temple0</Filter>
    </ClCompile>
    <ClCompile Include="Temple0Cloud.cpp">
      <Filter>02_Actors\Temple0</Filter>
    </ClCompile>
    <ClCompile Include="Temple0Tile.cpp">
      <Filter>02_Actors\Temple0</Filter>
    </ClCompile>
    <ClCompile Include="Temple1BackGround.cpp">
      <Filter>02_Actors\Temple1</Filter>
    </ClCompile>
    <ClCompile Include="Temple1Cloud.cpp">
      <Filter>02_Actors\Temple1</Filter>
    </ClCompile>
    <ClCompile Include="Temple1Tile.cpp">
      <Filter>02_Actors\Temple1</Filter>
    </ClCompile>
    <ClCompile Include="Guardian.cpp">
      <Filter>02_Actors\Temple1</Filter>
    </ClCompile>
    <ClCompile Include="Merchandiser.cpp">
      <Filter>02_Actors\Temple1</Filter>
    </ClCompile>
    <ClCompile Include="Temple2BackGround.cpp">
      <Filter>02_Actors\Temple2</Filter>
    </ClCompile>
    <ClCompile Include="Temple3BackGround.cpp">
      <Filter>02_Actors\Temple3</Filter>
    </ClCompile>
    <ClCompile Include="Temple2Cloud.cpp">
      <Filter>02_Actors\Temple2</Filter>
    </ClCompile>
    <ClCompile Include="Temple3Cloud.cpp">
      <Filter>02_Actors\Temple3</Filter>
    </ClCompile>
    <ClCompile Include="Temple3Tile.cpp">
      <Filter>02_Actors\Temple3</Filter>
    </ClCompile>
    <ClCompile Include="Temple2Tile.cpp">
      <Filter>02_Actors\Temple2</Filter>
    </ClCompile>
    <ClCompile Include="Temple3Boss.cpp">
      <Filter>02_Actors\Temple3</Filter>
    </ClCompile>
    <ClCompile Include="Portal.cpp">
      <Filter>02_Actors\02_1Global</Filter>
    </ClCompile>
    <ClCompile Include="ContentsLevel.cpp">
      <Filter>01_Levels</Filter>
    </ClCompile>
    <ClCompile Include="Button.cpp">
      <Filter>02_Actors\02_1Global\MasterUI</Filter>
    </ClCompile>
    <ClCompile Include="Temple0MonsterSpawn.cpp">
      <Filter>02_Actors\Temple0</Filter>
    </ClCompile>
    <ClCompile Include="Temple2Monster.cpp">
      <Filter>02_Actors\Temple2</Filter>
    </ClCompile>
    <ClCompile Include="Temple3Monster.cpp">
      <Filter>02_Actors\Temple3</Filter>
    </ClCompile>
    <ClCompile Include="ContentsActor.cpp">
      <Filter>02_Actors</Filter>
    </ClCompile>
    <ClCompile Include="Veil.cpp">
      <Filter>02_Actors\02_1Global\MasterUI</Filter>
    </ClCompile>
    <ClCompile Include="Temple0PixelCollisionMap.cpp">
      <Filter>02_Actors\Temple0</Filter>
    </ClCompile>
    <ClCompile Include="Temple1PixelCollisionMap.cpp">
      <Filter>02_Actors\Temple1</Filter>
    </ClCompile>
    <ClCompile Include="Temple2PixelCollisionMap.cpp">
      <Filter>02_Actors\Temple2</Filter>
    </ClCompile>
    <ClCompile Include="Temple3PixelCollisionMap.cpp">
      <Filter>02_Actors\Temple3</Filter>
    </ClCompile>
    <ClCompile Include="PixelCollisionMap.cpp">
      <Filter>02_Actors\02_1Global</Filter>
    </ClCompile>
    <ClCompile Include="RigidBody.cpp">
      <Filter>03_Component</Filter>
    </ClCompile>
    <ClCompile Include="ExitButtonOnMenu.cpp">
      <Filter>02_Actors\02_1Global\MasterUI\StateBar</Filter>
    </ClCompile>
    <ClCompile Include="MenuButton.cpp">
      <Filter>02_Actors\02_1Global\MasterUI\StateBar</Filter>
    </ClCompile>
    <ClCompile Include="PopupMenu.cpp">
      <Filter>02_Actors\02_1Global\MasterUI\StateBar</Filter>
    </ClCompile>
    <ClCompile Include="StateBar.cpp">
      <Filter>02_Actors\02_1Global\MasterUI\StateBar</Filter>
    </ClCompile>
    <ClCompile Include="HPGauge.cpp">
      <Filter>02_Actors\02_1Global\MasterUI\StateBar</Filter>
    </ClCompile>
    <ClCompile Include="MPGauge.cpp">
      <Filter>02_Actors\02_1Global\MasterUI\StateBar</Filter>
    </ClCompile>
    <ClCompile Include="EXPGauge.cpp">
      <Filter>02_Actors\02_1Global\MasterUI\StateBar</Filter>
    </ClCompile>
    <ClCompile Include="VeilRenderer.cpp">
      <Filter>02_Actors\02_2Renderer</Filter>
    </ClCompile>
    <ClCompile Include="Monster.cpp">
      <Filter>02_Actors\02_1Global</Filter>
    </ClCompile>
    <ClCompile Include="ContentsGUIWindow.cpp">
      <Filter>00_Core</Filter>
    </ClCompile>
    <ClCompile Include="MonsterHPGauge.cpp">
      <Filter>02_Actors\02_1Global</Filter>
    </ClCompile>
    <ClCompile Include="Effect.cpp">
      <Filter>02_Actors\02_1Global</Filter>
    </ClCompile>
    <ClCompile Include="QuickSlot.cpp">
      <Filter>02_Actors\02_1Global\MasterUI\StateBar</Filter>
    </ClCompile>
    <ClCompile Include="Inventory.cpp">
      <Filter>02_Actors\02_1Global\MasterUI\Inventory</Filter>
    </ClCompile>
    <ClCompile Include="ETCMenuButton.cpp">
      <Filter>02_Actors\02_1Global\MasterUI\Inventory</Filter>
    </ClCompile>
    <ClCompile Include="Item.cpp">
      <Filter>02_Actors\02_1Global\Item</Filter>
    </ClCompile>
    <ClCompile Include="Meso.cpp">
      <Filter>02_Actors\02_1Global\Item</Filter>
    </ClCompile>
    <ClCompile Include="ShortKeyGUIWindow.cpp">
      <Filter>00_Core</Filter>
    </ClCompile>
    <ClCompile Include="Portion.cpp">
      <Filter>02_Actors\02_1Global\Item</Filter>
    </ClCompile>
    <ClCompile Include="Physics.cpp">
      <Filter>03_Component</Filter>
    </ClCompile>
    <ClCompile Include="MouseSlot.cpp">
      <Filter>02_Actors\02_1Global</Filter>
    </ClCompile>
    <ClCompile Include="NPC.cpp">
      <Filter>02_Actors\Temple1</Filter>
    </ClCompile>
  </ItemGroup>
</Project>